# Generated by skillforge. Do not edit by hand.
# Regenerate with `skillforge build`.
version: 1
sources: {}
skills:
  eli12:
    from: ./skills/eli12
    version: 1.0.0
    source_hash: sha256:d424b5c51849921ace1464f6583fc40655267a715896dece9fbbe020eb7eb788
  eli5:
    from: ./skills/eli5
    version: 1.0.0
    source_hash: sha256:7c776956ef28e3d0633444292f53677b76da10a913b3d429aea2fb7e4758d84c
outputs:
  .agents/skills/eli12/SKILL.md: sha256:05264eee94ca6d1c760d1f02130c5883bf5ddc8af789c80ce442da46e95e2a26
  .agents/skills/eli5/SKILL.md: sha256:ed443fd8cfa1577cd815c2df9b92e0bb2f4faac7e90c90741138a1baf511cb6d
  .claude/skills/eli12/SKILL.md: sha256:05264eee94ca6d1c760d1f02130c5883bf5ddc8af789c80ce442da46e95e2a26
  .claude/skills/eli5/SKILL.md: sha256:ed443fd8cfa1577cd815c2df9b92e0bb2f4faac7e90c90741138a1baf511cb6d
  AGENTS.md#skillforge: sha256:d0c715eab4e14dc9d79e9c013789f4fdea5ccf3e0247d5555f302aa503b884fb
