# Generated by skillforge. Do not edit by hand.
# Regenerate with `skillforge build`.
version: 1
sources: {}
skills:
  code-simplification:
    from: ./skills/code-simplification
    version: 1.0.0
    source_hash: sha256:7bb66b4e3b1ebe721d64422c539c1c1d35500fe79a4483c4ddec934339c23e54
  frontend-ui-engineering:
    from: ./skills/frontend-ui-engineering
    version: 1.0.0
    source_hash: sha256:86715c42e93db08a2a180c1619ec1019ce3437a1b6a39a1e8e375a501d9b4663
  performance-optimization:
    from: ./skills/performance-optimization
    version: 1.0.0
    source_hash: sha256:b1f68d5b8642c0aa439172006234f21477398a69ef058fcf808512856a9480a1
outputs:
  .agents/skills/code-simplification/SKILL.md: sha256:cbbc8e1401d64d3de23743b2199d9730dd26cb2d27d22afcb75651427ba495f5
  .agents/skills/frontend-ui-engineering/SKILL.md: sha256:095aca0281036f515b0cda9ddec37ac854945cb79f6a86372c26f724d08bf432
  .agents/skills/performance-optimization/SKILL.md: sha256:800c0ab6fff154073d49865ae39c136d8ef86a5685039e8fabf29613f44726cf
  .claude/skills/code-simplification/SKILL.md: sha256:cbbc8e1401d64d3de23743b2199d9730dd26cb2d27d22afcb75651427ba495f5
  .claude/skills/frontend-ui-engineering/SKILL.md: sha256:095aca0281036f515b0cda9ddec37ac854945cb79f6a86372c26f724d08bf432
  .claude/skills/performance-optimization/SKILL.md: sha256:800c0ab6fff154073d49865ae39c136d8ef86a5685039e8fabf29613f44726cf
  AGENTS.md#skillforge: sha256:4bde4e0423e011580d76a2e472213d386a2a28f917a7f71c0636f9ada81071dd
