# Generated by skillforge. Do not edit by hand.
# Regenerate with `skillforge build`.
version: 1
sources:
  lib:
    git: https://github.com/ya222/skillforge.git
    ref: main
    commit: aba12b8d4fcc6bc0c54c09bc3dd7441ea4e88cf0
  upstream:
    git: https://github.com/anthropics/claude-plugins-community.git
    ref: main
    commit: f4c9452f5ca091f1be7064d9faab1b001ea21645
skills:
  sf-eli5:
    from: lib/eli5
    version: 1.0.0
    source_hash: sha256:9f53f517c8c0633b425f037e59444ecc0cdb3c4f0176917b092232814deda831
  sf-eli5-upstream:
    from: upstream/eli5
    version: 0.0.0
    source_hash: sha256:afc465704802e3532feeefb6c653aef6225d86fb7fe69a3049160ecfe9c58404
outputs:
  .agents/skills/sf-eli5-upstream/SKILL.md: sha256:7de2b79d13b625e24b22894e5707f66eda351c55ce0fcd7a3f775c213e823c9e
  .agents/skills/sf-eli5/SKILL.md: sha256:e06831109b61aeb7c12541e62944ef28060a87261323db8a4a41becc1cc44a16
  .claude/skills/sf-eli5-upstream/SKILL.md: sha256:7de2b79d13b625e24b22894e5707f66eda351c55ce0fcd7a3f775c213e823c9e
  .claude/skills/sf-eli5/SKILL.md: sha256:e06831109b61aeb7c12541e62944ef28060a87261323db8a4a41becc1cc44a16
  .cursor/rules/sf-eli5-upstream.mdc: sha256:62dcfd159297e116ac96dd27e5b1c360807f26e1b5d88da15c88a3b040fa47fc
  .cursor/rules/sf-eli5.mdc: sha256:bac0bcbb71958e35eee65119d0804544017228ced4c0b403ab3dbc7a28b0f46b
  .github/copilot-instructions.md#skillforge: sha256:667f9ca99de285e51d60866fc79caa486d8261c0e14b8980d806222c71665a67
  .github/instructions/sf-eli5-upstream.instructions.md: sha256:b4cf54701755b329355a707a2c5d281e001103c1f46c449385263c1a4d579ea5
  .github/instructions/sf-eli5.instructions.md: sha256:602f3e0c78353ba62146323b8f08fba4dd7a4b5d2b2df4822260e8e3aa703036
  AGENTS.md#skillforge: sha256:7d9c62c37321477f86cbd90ad061fa260d06e85b3a4f0e4a31982b124a2eaa98
