# Generated by skillforge. Do not edit by hand.
# Regenerate with `skillforge build`.
version: 1
sources:
  addy:
    git: https://github.com/addyosmani/agent-skills.git
    ref: main
    commit: df1edb2e05487d0aa6d93c747141e0aed1187f25
  lib:
    git: git@github.com:ya222/skillforge.git
    ref: main
    commit: 0b4d51a00a161bf646610b332d4c0eac67ed9533
skills:
  code-simplification:
    from: lib/code-simplification
    version: 1.0.0
    source_hash: sha256:7bb66b4e3b1ebe721d64422c539c1c1d35500fe79a4483c4ddec934339c23e54
  frontend-ui-engineering:
    from: lib/frontend-ui-engineering
    version: 1.0.0
    source_hash: sha256:86715c42e93db08a2a180c1619ec1019ce3437a1b6a39a1e8e375a501d9b4663
  perf:
    from: addy/performance-optimization
    version: 0.0.0
    source_hash: sha256:b14354a5fda4cdcec711dce9f9a8bd7c7288271fa0915e41ad1d2543e54ff9bd
outputs:
  .agents/skills/code-simplification/SKILL.md: sha256:88a198e678b2afcb8d82e79d64c1ef842435e3ef07f5a54a3e411cdb70f9b9fa
  .agents/skills/frontend-ui-engineering/SKILL.md: sha256:810277d70289628a2738911c00a8b1a6454591ba134cd3ef338292d799e39da0
  .agents/skills/perf/SKILL.md: sha256:dc021548195583aa8fab0d1a68f185b25485e3a8e34f2044214739bb8898f45d
  .claude/skills/code-simplification/SKILL.md: sha256:88a198e678b2afcb8d82e79d64c1ef842435e3ef07f5a54a3e411cdb70f9b9fa
  .claude/skills/frontend-ui-engineering/SKILL.md: sha256:810277d70289628a2738911c00a8b1a6454591ba134cd3ef338292d799e39da0
  .claude/skills/perf/SKILL.md: sha256:dc021548195583aa8fab0d1a68f185b25485e3a8e34f2044214739bb8898f45d
  .cursor/rules/code-simplification.mdc: sha256:2379a50752a6a846e4197c8ee56c90c6def4c8eedb257f94062f570a43f9bb90
  .cursor/rules/frontend-ui-engineering.mdc: sha256:7bf65183763e96116100e2cd2b8ce2643f1265c2f605679483664fc66b5c967d
  .cursor/rules/perf.mdc: sha256:42a39904f2292e6f954aab19eb36f306bacdeb33fe2f8067339c03d3cffebcbc
  .github/copilot-instructions.md#skillforge: sha256:18629e3cbb955adf5d423416d34df96ee60b4c29e7442490a7780c47b69d1245
  .github/instructions/code-simplification.instructions.md: sha256:77643dc57375e6ba185fd3e25d3a129836b7f3256d7de23845601446df78fd86
  .github/instructions/frontend-ui-engineering.instructions.md: sha256:a185bc1ba334b1ffd753b5f8c0036329c048bfe7e8ad9bc9f90c04c2ceda079e
  .github/instructions/perf.instructions.md: sha256:ac7383c51e566b20e79468176aac806e125a98565ba90a737d29e001c35dfb83
  AGENTS.md#skillforge: sha256:6f396e38be210924e73c9e66982cf463a42d04539bea550ec311973be9e2cd37
