# Generated by skillforge. Do not edit by hand.
# Regenerate with `skillforge build`.
version: 1
sources:
  lib:
    git: git@github.com:ya222/skillforge.git
    ref: main
    commit: 7a1a3310205ffbdf3c80ec06f95492670446b1c2
  upstream:
    git: https://github.com/anthropics/claude-plugins-community.git
    ref: main
    commit: f4c9452f5ca091f1be7064d9faab1b001ea21645
skills:
  eli5:
    from: lib/eli5
    version: 1.0.0
    source_hash: sha256:7c776956ef28e3d0633444292f53677b76da10a913b3d429aea2fb7e4758d84c
  eli5-upstream:
    from: upstream/eli5
    version: 0.0.0
    source_hash: sha256:afc465704802e3532feeefb6c653aef6225d86fb7fe69a3049160ecfe9c58404
outputs:
  .agents/skills/eli5-upstream/SKILL.md: sha256:1307c8be04a81553c97a478bdb42049a690d59608868a589701cabc025236c51
  .agents/skills/eli5/SKILL.md: sha256:03c7e76348cbb90e38fa266221e12b4a9d8813a17c162fa4e1f1b40ac23c6cc1
  .claude/skills/eli5-upstream/SKILL.md: sha256:1307c8be04a81553c97a478bdb42049a690d59608868a589701cabc025236c51
  .claude/skills/eli5/SKILL.md: sha256:03c7e76348cbb90e38fa266221e12b4a9d8813a17c162fa4e1f1b40ac23c6cc1
  .cursor/rules/eli5-upstream.mdc: sha256:62dcfd159297e116ac96dd27e5b1c360807f26e1b5d88da15c88a3b040fa47fc
  .cursor/rules/eli5.mdc: sha256:dec86c09a9db9c44341b5c982d9c008b43eee8b5bfea4a294902c70cab7507dc
  .github/copilot-instructions.md#skillforge: sha256:8e39892036786c505d577e91a42ef2c381087bb013d49fc09a471d4375674cf9
  .github/instructions/eli5-upstream.instructions.md: sha256:b4cf54701755b329355a707a2c5d281e001103c1f46c449385263c1a4d579ea5
  .github/instructions/eli5.instructions.md: sha256:0e1d664d34751d9d14cb3e78b2f1e4f3f2e55b6b6d7aa153ed53a7024cff96b6
  AGENTS.md#skillforge: sha256:881e450c0551ceb0fc69d10a109e2214ed321bcc09afb52c70bb861f3dbf6aaa
