# Generated by skillforge. Do not edit by hand.
# Regenerate with `skillforge build`.
version: 1
sources:
  lib:
    git: git@github.com:ya222/skillforge.git
    ref: main
    commit: 5595c537b936bab3a15ecbd87ef3c5f78b7961ee
skills:
  eli5:
    from: lib/eli5
    version: 1.0.0
    source_hash: sha256:69d5facbeb471d5a970303db99e71e2193104699e62e5d9bad06c5fffba7951d
outputs:
  .agents/skills/eli5/SKILL.md: sha256:8986a61765a4fcd491b4a1796594e514faeac4044f4edda9c4278f4bd251f8ee
  .claude/skills/eli5/SKILL.md: sha256:8986a61765a4fcd491b4a1796594e514faeac4044f4edda9c4278f4bd251f8ee
  AGENTS.md#skillforge: sha256:523ff7f47b4e8b2326a09d09d8b0bd97f9d75b97c1cca754940338715b3540f9
