# Generated by skillforge. Do not edit by hand.
# Regenerate with `skillforge build`.
version: 1
sources:
  lib:
    git: git@github.com:ya222/skillforge.git
    ref: main
    commit: aba12b8d4fcc6bc0c54c09bc3dd7441ea4e88cf0
skills:
  sf-eli5:
    from: lib/eli5
    version: 1.0.0
    source_hash: sha256:9f53f517c8c0633b425f037e59444ecc0cdb3c4f0176917b092232814deda831
outputs:
  .agents/skills/sf-eli5/SKILL.md: sha256:0db5275f14e6dd70e1d0df32a9f6fae8ed557e549c02971869ce878bbdb8dc11
  .claude/skills/sf-eli5/SKILL.md: sha256:0db5275f14e6dd70e1d0df32a9f6fae8ed557e549c02971869ce878bbdb8dc11
  AGENTS.md#skillforge: sha256:bbdb2a279282e71472049bec62430f9d29d3a2250df23b43a08eccf8d8de4653
