# Generated by skillforge. Do not edit by hand.
# Regenerate with `skillforge build`.
version: 1
sources:
  lib:
    git: git@github.com:ya222/skillforge.git
    ref: main
    commit: c41982f39f30e8975b540971e851ec8b4f90223c
skills:
  code-simplification:
    from: lib/code-simplification
    version: 1.0.0
    source_hash: sha256:7bb66b4e3b1ebe721d64422c539c1c1d35500fe79a4483c4ddec934339c23e54
outputs:
  .agents/skills/code-simplification/SKILL.md: sha256:866861ce35952a37c68a87da94bbc01f9c7139d07d2b7a31a1b08453be6389e7
  .claude/skills/code-simplification/SKILL.md: sha256:866861ce35952a37c68a87da94bbc01f9c7139d07d2b7a31a1b08453be6389e7
  AGENTS.md#skillforge: sha256:76d53519ef2f0bf390140a285acb72f2c47968f1f59d9400bf64e97112ff713a
